{
  "nodes": {
    "nixpkgs": {
      "locked": {
        "lastModified": 0,
        "narHash": "sha256-cAgNsKUbbOjm3s8NJwRa0YEgyLbTVQ5Y+z4SCUIRs4k=",
        "path": "/nix/store/v58jq4zv2qwlfc4ya89727qnllvawssk-source",
        "type": "path"
      },
      "original": {
        "id": "nixpkgs",
        "type": "indirect"
      }
    },
    "root": {
      "inputs": {
        "nixpkgs": "nixpkgs",
        "systems": "systems"
      }
    },
    "systems": {
      "locked": {
        "lastModified": 0,
        "narHash": "sha256-Gtqg8b/v49BFDpDetjclCYXm8mAnTrUzR0JnE2nv5aw=",
        "path": "/nix/store/g1pv78p6lk92hjzr7syrcihvj4rx1fnz-source",
        "type": "path"
      },
      "original": {
        "id": "systems",
        "type": "indirect"
      }
    }
  },
  "root": "root",
  "version": 7
}
